
Microsoft Visual Studio Solution File, Format Version 12.00
# Visual Studio Version 17
VisualStudioVersion = 17.13.35931.197
MinimumVisualStudioVersion = 10.0.40219.1
Project("{FAE04EC0-301F-11D3-BF4B-00C04F79EFBC}") = "SPDocsAPI", "SPDocsAPI.csproj", "{C94B72BF-65C5-1499-FD56-5BFC57A3BB66}"
EndProject
Global
	GlobalSection(SolutionConfigurationPlatforms) = preSolution
		Debug|Any CPU = Debug|Any CPU
		Release|Any CPU = Release|Any CPU
	EndGlobalSection
	GlobalSection(ProjectConfigurationPlatforms) = postSolution
		{C94B72BF-65C5-1499-FD56-5BFC57A3BB66}.Debug|Any CPU.ActiveCfg = Debug|Any CPU
		{C94B72BF-65C5-1499-FD56-5BFC57A3BB66}.Debug|Any CPU.Build.0 = Debug|Any CPU
		{C94B72BF-65C5-1499-FD56-5BFC57A3BB66}.Release|Any CPU.ActiveCfg = Release|Any CPU
		{C94B72BF-65C5-1499-FD56-5BFC57A3BB66}.Release|Any CPU.Build.0 = Release|Any CPU
	EndGlobalSection
	GlobalSection(SolutionProperties) = preSolution
		HideSolutionNode = FALSE
	EndGlobalSection
	GlobalSection(ExtensibilityGlobals) = postSolution
		SolutionGuid = {03809D05-9AFF-45EF-A7CB-C8F5A006BDAD}
	EndGlobalSection
EndGlobal
